
Microsoft Visual Studio Solution File, Format Version 12.00
# Visual Studio Version 17
VisualStudioVersion = 17.7.34031.279
MinimumVisualStudioVersion = 10.0.40219.1
Project("{9A19103F-16F7-4668-BE54-9A1E7A4F7556}") = "MVCCoachBuster", "MVCCoachBuster\MVCCoachBuster.csproj", "{B1666A3D-3E6E-4F1D-B357-1EBD189952F2}"
EndProject
Project("{FAE04EC0-301F-11D3-BF4B-00C04F79EFBC}") = "BDDLibreria", "BDDLibreria\BDDLibreria.csproj", "{55926612-EEF9-4B68-A792-8C9BD624FA42}"
EndProject
Global
	GlobalSection(SolutionConfigurationPlatforms) = preSolution
		Debug|Any CPU = Debug|Any CPU
		Release|Any CPU = Release|Any CPU
	EndGlobalSection
	GlobalSection(ProjectConfigurationPlatforms) = postSolution
		{B1666A3D-3E6E-4F1D-B357-1EBD189952F2}.Debug|Any CPU.ActiveCfg = Debug|Any CPU
		{B1666A3D-3E6E-4F1D-B357-1EBD189952F2}.Debug|Any CPU.Build.0 = Debug|Any CPU
		{B1666A3D-3E6E-4F1D-B357-1EBD189952F2}.Release|Any CPU.ActiveCfg = Release|Any CPU
		{B1666A3D-3E6E-4F1D-B357-1EBD189952F2}.Release|Any CPU.Build.0 = Release|Any CPU
		{55926612-EEF9-4B68-A792-8C9BD624FA42}.Debug|Any CPU.ActiveCfg = Debug|Any CPU
		{55926612-EEF9-4B68-A792-8C9BD624FA42}.Debug|Any CPU.Build.0 = Debug|Any CPU
		{55926612-EEF9-4B68-A792-8C9BD624FA42}.Release|Any CPU.ActiveCfg = Release|Any CPU
		{55926612-EEF9-4B68-A792-8C9BD624FA42}.Release|Any CPU.Build.0 = Release|Any CPU
	EndGlobalSection
	GlobalSection(SolutionProperties) = preSolution
		HideSolutionNode = FALSE
	EndGlobalSection
	GlobalSection(ExtensibilityGlobals) = postSolution
		SolutionGuid = {FDC24282-630C-4514-BD22-C7899405FEF8}
	EndGlobalSection
EndGlobal
